// !$*UTF8*$!
{
	archiveVersion = 1;
	classes = {
	};
	objectVersion = 55;
	objects = {

/* Begin PBXBuildFile section */
		99968B8427C528480088797C /* AppDelegate.swift in Sources */ = {isa = PBXBuildFile; fileRef = 99968B8327C528480088797C /* AppDelegate.swift */; };
		99968B8627C528480088797C /* SceneDelegate.swift in Sources */ = {isa = PBXBuildFile; fileRef = 99968B8527C528480088797C /* SceneDelegate.swift */; };
		99968B8827C528480088797C /* StationSearchViewController.swift in Sources */ = {isa = PBXBuildFile; fileRef = 99968B8727C528480088797C /* StationSearchViewController.swift */; };
		99968B8D27C5284A0088797C /* Assets.xcassets in Resources */ = {isa = PBXBuildFile; fileRef = 99968B8C27C5284A0088797C /* Assets.xcassets */; };
		99968B9027C5284A0088797C /* LaunchScreen.storyboard in Resources */ = {isa = PBXBuildFile; fileRef = 99968B8E27C5284A0088797C /* LaunchScreen.storyboard */; };
		99968B9927C528D20088797C /* SnapKit in Frameworks */ = {isa = PBXBuildFile; productRef = 99968B9827C528D20088797C /* SnapKit */; };
		99968B9C27C528E80088797C /* Alamofire in Frameworks */ = {isa = PBXBuildFile; productRef = 99968B9B27C528E80088797C /* Alamofire */; };
		99968B9E27C531620088797C /* StationDetailViewController.swift in Sources */ = {isa = PBXBuildFile; fileRef = 99968B9D27C531620088797C /* StationDetailViewController.swift */; };
		99968BA127C536590088797C /* StationDetailCollectionViewCell.swift in Sources */ = {isa = PBXBuildFile; fileRef = 99968BA027C536590088797C /* StationDetailCollectionViewCell.swift */; };
		99968BB927C67BAF0088797C /* StationResponseModel.swift in Sources */ = {isa = PBXBuildFile; fileRef = 99968BB827C67BAF0088797C /* StationResponseModel.swift */; };
		99968BBC27C680DE0088797C /* StationArrivalResopnseDataModel.swift in Sources */ = {isa = PBXBuildFile; fileRef = 99968BBB27C680DE0088797C /* StationArrivalResopnseDataModel.swift */; };
/* End PBXBuildFile section */

/* Begin PBXFileReference section */
		99968B8027C528480088797C /* SubWay.app */ = {isa = PBXFileReference; explicitFileType = wrapper.application; includeInIndex = 0; path = SubWay.app; sourceTree = BUILT_PRODUCTS_DIR; };
		99968B8327C528480088797C /* AppDelegate.swift */ = {isa = PBXFileReference; lastKnownFileType = sourcecode.swift; path = AppDelegate.swift; sourceTree = "<group>"; };
		99968B8527C528480088797C /* SceneDelegate.swift */ = {isa = PBXFileReference; lastKnownFileType = sourcecode.swift; path = SceneDelegate.swift; sourceTree = "<group>"; };
		99968B8727C528480088797C /* StationSearchViewController.swift */ = {isa = PBXFileReference; lastKnownFileType = sourcecode.swift; path = StationSearchViewController.swift; sourceTree = "<group>"; };
		99968B8C27C5284A0088797C /* Assets.xcassets */ = {isa = PBXFileReference; lastKnownFileType = folder.assetcatalog; path = Assets.xcassets; sourceTree = "<group>"; };
		99968B8F27C5284A0088797C /* Base */ = {isa = PBXFileReference; lastKnownFileType = file.storyboard; name = Base; path = Base.lproj/LaunchScreen.storyboard; sourceTree = "<group>"; };
		99968B9127C5284A0088797C /* Info.plist */ = {isa = PBXFileReference; lastKnownFileType = text.plist.xml; path = Info.plist; sourceTree = "<group>"; };
		99968B9D27C531620088797C /* StationDetailViewController.swift */ = {isa = PBXFileReference; lastKnownFileType = sourcecode.swift; path = StationDetailViewController.swift; sourceTree = "<group>"; };
		99968BA027C536590088797C /* StationDetailCollectionViewCell.swift */ = {isa = PBXFileReference; lastKnownFileType = sourcecode.swift; path = StationDetailCollectionViewCell.swift; sourceTree = "<group>"; };
		99968BB827C67BAF0088797C /* StationResponseModel.swift */ = {isa = PBXFileReference; lastKnownFileType = sourcecode.swift; path = StationResponseModel.swift; sourceTree = "<group>"; };
		99968BBB27C680DE0088797C /* StationArrivalResopnseDataModel.swift */ = {isa = PBXFileReference; lastKnownFileType = sourcecode.swift; path = StationArrivalResopnseDataModel.swift; sourceTree = "<group>"; };
/* End PBXFileReference section */

/* Begin PBXFrameworksBuildPhase section */
		99968B7D27C528480088797C /* Frameworks */ = {
			isa = PBXFrameworksBuildPhase;
			buildActionMask = 2147483647;
			files = (
				99968B9927C528D20088797C /* SnapKit in Frameworks */,
				99968B9C27C528E80088797C /* Alamofire in Frameworks */,
			);
			runOnlyForDeploymentPostprocessing = 0;
		};
/* End PBXFrameworksBuildPhase section */

/* Begin PBXGroup section */
		99968B7727C528480088797C = {
			isa = PBXGroup;
			children = (
				99968B8227C528480088797C /* SubWay */,
				99968B8127C528480088797C /* Products */,
			);
			sourceTree = "<group>";
		};
		99968B8127C528480088797C /* Products */ = {
			isa = PBXGroup;
			children = (
				99968B8027C528480088797C /* SubWay.app */,
			);
			name = Products;
			sourceTree = "<group>";
		};
		99968B8227C528480088797C /* SubWay */ = {
			isa = PBXGroup;
			children = (
				99968B8327C528480088797C /* AppDelegate.swift */,
				99968B8527C528480088797C /* SceneDelegate.swift */,
				99968B9F27C533E20088797C /* Scenes */,
				99968B8C27C5284A0088797C /* Assets.xcassets */,
				99968B8E27C5284A0088797C /* LaunchScreen.storyboard */,
				99968B9127C5284A0088797C /* Info.plist */,
				99968BA027C536590088797C /* StationDetailCollectionViewCell.swift */,
				99968BBA27C680BD0088797C /* Model */,
			);
			path = SubWay;
			sourceTree = "<group>";
		};
		99968B9F27C533E20088797C /* Scenes */ = {
			isa = PBXGroup;
			children = (
				99968B8727C528480088797C /* StationSearchViewController.swift */,
				99968B9D27C531620088797C /* StationDetailViewController.swift */,
			);
			path = Scenes;
			sourceTree = "<group>";
		};
		99968BBA27C680BD0088797C /* Model */ = {
			isa = PBXGroup;
			children = (
				99968BB827C67BAF0088797C /* StationResponseModel.swift */,
				99968BBB27C680DE0088797C /* StationArrivalResopnseDataModel.swift */,
			);
			path = Model;
			sourceTree = "<group>";
		};
/* End PBXGroup section */

/* Begin PBXNativeTarget section */
		99968B7F27C528480088797C /* SubWay */ = {
			isa = PBXNativeTarget;
			buildConfigurationList = 99968B9427C5284A0088797C /* Build configuration list for PBXNativeTarget "SubWay" */;
			buildPhases = (
				99968B7C27C528480088797C /* Sources */,
				99968B7D27C528480088797C /* Frameworks */,
				99968B7E27C528480088797C /* Resources */,
			);
			buildRules = (
			);
			dependencies = (
			);
			name = SubWay;
			packageProductDependencies = (
				99968B9827C528D20088797C /* SnapKit */,
				99968B9B27C528E80088797C /* Alamofire */,
			);
			productName = SubWay;
			productReference = 99968B8027C528480088797C /* SubWay.app */;
			productType = "com.apple.product-type.application";
		};
/* End PBXNativeTarget section */

/* Begin PBXProject section */
		99968B7827C528480088797C /* Project object */ = {
			isa = PBXProject;
			attributes = {
				BuildIndependentTargetsInParallel = 1;
				LastSwiftUpdateCheck = 1320;
				LastUpgradeCheck = 1320;
				TargetAttributes = {
					99968B7F27C528480088797C = {
						CreatedOnToolsVersion = 13.2.1;
					};
				};
			};
			buildConfigurationList = 99968B7B27C528480088797C /* Build configuration list for PBXProject "SubWay" */;
			compatibilityVersion = "Xcode 13.0";
			developmentRegion = en;
			hasScannedForEncodings = 0;
			knownRegions = (
				en,
				Base,
			);
			mainGroup = 99968B7727C528480088797C;
			packageReferences = (
				99968B9727C528D20088797C /* XCRemoteSwiftPackageReference "SnapKit" */,
				99968B9A27C528E80088797C /* XCRemoteSwiftPackageReference "Alamofire" */,
			);
			productRefGroup = 99968B8127C528480088797C /* Products */;
			projectDirPath = "";
			projectRoot = "";
			targets = (
				99968B7F27C528480088797C /* SubWay */,
			);
		};
/* End PBXProject section */

/* Begin PBXResourcesBuildPhase section */
		99968B7E27C528480088797C /* Resources */ = {
			isa = PBXResourcesBuildPhase;
			buildActionMask = 2147483647;
			files = (
				99968B9027C5284A0088797C /* LaunchScreen.storyboard in Resources */,
				99968B8D27C5284A0088797C /* Assets.xcassets in Resources */,
			);
			runOnlyForDeploymentPostprocessing = 0;
		};
/* End PBXResourcesBuildPhase section */

/* Begin PBXSourcesBuildPhase section */
		99968B7C27C528480088797C /* Sources */ = {
			isa = PBXSourcesBuildPhase;
			buildActionMask = 2147483647;
			files = (
				99968B8827C528480088797C /* StationSearchViewController.swift in Sources */,
				99968BB927C67BAF0088797C /* StationResponseModel.swift in Sources */,
				99968B8427C528480088797C /* AppDelegate.swift in Sources */,
				99968B8627C528480088797C /* SceneDelegate.swift in Sources */,
				99968BBC27C680DE0088797C /* StationArrivalResopnseDataModel.swift in Sources */,
				99968BA127C536590088797C /* StationDetailCollectionViewCell.swift in Sources */,
				99968B9E27C531620088797C /* StationDetailViewController.swift in Sources */,
			);
			runOnlyForDeploymentPostprocessing = 0;
		};
/* End PBXSourcesBuildPhase section */

/* Begin PBXVariantGroup section */
		99968B8E27C5284A0088797C /* LaunchScreen.storyboard */ = {
			isa = PBXVariantGroup;
			children = (
				99968B8F27C5284A0088797C /* Base */,
			);
			name = LaunchScreen.storyboard;
			sourceTree = "<group>";
		};
/* End PBXVariantGroup section */

/* Begin XCBuildConfiguration section */
		99968B9227C5284A0088797C /* Debug */ = {
			isa = XCBuildConfiguration;
			buildSettings = {
				ALWAYS_SEARCH_USER_PATHS = NO;
				CLANG_ANALYZER_NONNULL = YES;
				CLANG_ANALYZER_NUMBER_OBJECT_CONVERSION = YES_AGGRESSIVE;
				CLANG_CXX_LANGUAGE_STANDARD = "gnu++17";
				CLANG_CXX_LIBRARY = "libc++";
				CLANG_ENABLE_MODULES = YES;
				CLANG_ENABLE_OBJC_ARC = YES;
				CLANG_ENABLE_OBJC_WEAK = YES;
				CLANG_WARN_BLOCK_CAPTURE_AUTORELEASING = YES;
				CLANG_WARN_BOOL_CONVERSION = YES;
				CLANG_WARN_COMMA = YES;
				CLANG_WARN_CONSTANT_CONVERSION = YES;
				CLANG_WARN_DEPRECATED_OBJC_IMPLEMENTATIONS = YES;
				CLANG_WARN_DIRECT_OBJC_ISA_USAGE = YES_ERROR;
				CLANG_WARN_DOCUMENTATION_COMMENTS = YES;
				CLANG_WARN_EMPTY_BODY = YES;
				CLANG_WARN_ENUM_CONVERSION = YES;
				CLANG_WARN_INFINITE_RECURSION = YES;
				CLANG_WARN_INT_CONVERSION = YES;
				CLANG_WARN_NON_LITERAL_NULL_CONVERSION = YES;
				CLANG_WARN_OBJC_IMPLICIT_RETAIN_SELF = YES;
				CLANG_WARN_OBJC_LITERAL_CONVERSION = YES;
				CLANG_WARN_OBJC_ROOT_CLASS = YES_ERROR;
				CLANG_WARN_QUOTED_INCLUDE_IN_FRAMEWORK_HEADER = YES;
				CLANG_WARN_RANGE_LOOP_ANALYSIS = YES;
				CLANG_WARN_STRICT_PROTOTYPES = YES;
				CLANG_WARN_SUSPICIOUS_MOVE = YES;
				CLANG_WARN_UNGUARDED_AVAILABILITY = YES_AGGRESSIVE;
				CLANG_WARN_UNREACHABLE_CODE = YES;
				CLANG_WARN__DUPLICATE_METHOD_MATCH = YES;
				COPY_PHASE_STRIP = NO;
				DEBUG_INFORMATION_FORMAT = dwarf;
				ENABLE_STRICT_OBJC_MSGSEND = YES;
				ENABLE_TESTABILITY = YES;
				GCC_C_LANGUAGE_STANDARD = gnu11;
				GCC_DYNAMIC_NO_PIC = NO;
				GCC_NO_COMMON_BLOCKS = YES;
				GCC_OPTIMIZATION_LEVEL = 0;
				GCC_PREPROCESSOR_DEFINITIONS = (
					"DEBUG=1",
					"$(inherited)",
				);
				GCC_WARN_64_TO_32_BIT_CONVERSION = YES;
				GCC_WARN_ABOUT_RETURN_TYPE = YES_ERROR;
				GCC_WARN_UNDECLARED_SELECTOR = YES;
				GCC_WARN_UNINITIALIZED_AUTOS = YES_AGGRESSIVE;
				GCC_WARN_UNUSED_FUNCTION = YES;
				GCC_WARN_UNUSED_VARIABLE = YES;
				IPHONEOS_DEPLOYMENT_TARGET = 15.2;
				MTL_ENABLE_DEBUG_INFO = INCLUDE_SOURCE;
				MTL_FAST_MATH = YES;
				ONLY_ACTIVE_ARCH = YES;
				SDKROOT = iphoneos;
				SWIFT_ACTIVE_COMPILATION_CONDITIONS = DEBUG;
				SWIFT_OPTIMIZATION_LEVEL = "-Onone";
			};
			name = Debug;
		};
		99968B9327C5284A0088797C /* Release */ = {
			isa = XCBuildConfiguration;
			buildSettings = {
				ALWAYS_SEARCH_USER_PATHS = NO;
				CLANG_ANALYZER_NONNULL = YES;
				CLANG_ANALYZER_NUMBER_OBJECT_CONVERSION = YES_AGGRESSIVE;
				CLANG_CXX_LANGUAGE_STANDARD = "gnu++17";
				CLANG_CXX_LIBRARY = "libc++";
				CLANG_ENABLE_MODULES = YES;
				CLANG_ENABLE_OBJC_ARC = YES;
				CLANG_ENABLE_OBJC_WEAK = YES;
				CLANG_WARN_BLOCK_CAPTURE_AUTORELEASING = YES;
				CLANG_WARN_BOOL_CONVERSION = YES;
				CLANG_WARN_COMMA = YES;
				CLANG_WARN_CONSTANT_CONVERSION = YES;
				CLANG_WARN_DEPRECATED_OBJC_IMPLEMENTATIONS = YES;
				CLANG_WARN_DIRECT_OBJC_ISA_USAGE = YES_ERROR;
				CLANG_WARN_DOCUMENTATION_COMMENTS = YES;
				CLANG_WARN_EMPTY_BODY = YES;
				CLANG_WARN_ENUM_CONVERSION = YES;
				CLANG_WARN_INFINITE_RECURSION = YES;
				CLANG_WARN_INT_CONVERSION = YES;
				CLANG_WARN_NON_LITERAL_NULL_CONVERSION = YES;
				CLANG_WARN_OBJC_IMPLICIT_RETAIN_SELF = YES;
				CLANG_WARN_OBJC_LITERAL_CONVERSION = YES;
				CLANG_WARN_OBJC_ROOT_CLASS = YES_ERROR;
				CLANG_WARN_QUOTED_INCLUDE_IN_FRAMEWORK_HEADER = YES;
				CLANG_WARN_RANGE_LOOP_ANALYSIS = YES;
				CLANG_WARN_STRICT_PROTOTYPES = YES;
				CLANG_WARN_SUSPICIOUS_MOVE = YES;
				CLANG_WARN_UNGUARDED_AVAILABILITY = YES_AGGRESSIVE;
				CLANG_WARN_UNREACHABLE_CODE = YES;
				CLANG_WARN__DUPLICATE_METHOD_MATCH = YES;
				COPY_PHASE_STRIP = NO;
				DEBUG_INFORMATION_FORMAT = "dwarf-with-dsym";
				ENABLE_NS_ASSERTIONS = NO;
				ENABLE_STRICT_OBJC_MSGSEND = YES;
				GCC_C_LANGUAGE_STANDARD = gnu11;
				GCC_NO_COMMON_BLOCKS = YES;
				GCC_WARN_64_TO_32_BIT_CONVERSION = YES;
				GCC_WARN_ABOUT_RETURN_TYPE = YES_ERROR;
				GCC_WARN_UNDECLARED_SELECTOR = YES;
				GCC_WARN_UNINITIALIZED_AUTOS = YES_AGGRESSIVE;
				GCC_WARN_UNUSED_FUNCTION = YES;
				GCC_WARN_UNUSED_VARIABLE = YES;
				IPHONEOS_DEPLOYMENT_TARGET = 15.2;
				MTL_ENABLE_DEBUG_INFO = NO;
				MTL_FAST_MATH = YES;
				SDKROOT = iphoneos;
				SWIFT_COMPILATION_MODE = wholemodule;
				SWIFT_OPTIMIZATION_LEVEL = "-O";
				VALIDATE_PRODUCT = YES;
			};
			name = Release;
		};
		99968B9527C5284A0088797C /* Debug */ = {
			isa = XCBuildConfiguration;
			buildSettings = {
				ASSETCATALOG_COMPILER_APPICON_NAME = AppIcon;
				ASSETCATALOG_COMPILER_GLOBAL_ACCENT_COLOR_NAME = AccentColor;
				CODE_SIGN_STYLE = Automatic;
				CURRENT_PROJECT_VERSION = 1;
				DEVELOPMENT_TEAM = 252A989XMN;
				GENERATE_INFOPLIST_FILE = YES;
				INFOPLIST_FILE = SubWay/Info.plist;
				INFOPLIST_KEY_UIApplicationSupportsIndirectInputEvents = YES;
				INFOPLIST_KEY_UILaunchStoryboardName = LaunchScreen;
				INFOPLIST_KEY_UISupportedInterfaceOrientations_iPad = "UIInterfaceOrientationPortrait UIInterfaceOrientationPortraitUpsideDown UIInterfaceOrientationLandscapeLeft UIInterfaceOrientationLandscapeRight";
				INFOPLIST_KEY_UISupportedInterfaceOrientations_iPhone = "UIInterfaceOrientationPortrait UIInterfaceOrientationLandscapeLeft UIInterfaceOrientationLandscapeRight";
				LD_RUNPATH_SEARCH_PATHS = (
					"$(inherited)",
					"@executable_path/Frameworks",
				);
				MARKETING_VERSION = 1.0;
				PRODUCT_BUNDLE_IDENTIFIER = LeeHsss.SubWay;
				PRODUCT_NAME = "$(TARGET_NAME)";
				SWIFT_EMIT_LOC_STRINGS = YES;
				SWIFT_VERSION = 5.0;
				TARGETED_DEVICE_FAMILY = "1,2";
			};
			name = Debug;
		};
		99968B9627C5284A0088797C /* Release */ = {
			isa = XCBuildConfiguration;
			buildSettings = {
				ASSETCATALOG_COMPILER_APPICON_NAME = AppIcon;
				ASSETCATALOG_COMPILER_GLOBAL_ACCENT_COLOR_NAME = AccentColor;
				CODE_SIGN_STYLE = Automatic;
				CURRENT_PROJECT_VERSION = 1;
				DEVELOPMENT_TEAM = 252A989XMN;
				GENERATE_INFOPLIST_FILE = YES;
				INFOPLIST_FILE = SubWay/Info.plist;
				INFOPLIST_KEY_UIApplicationSupportsIndirectInputEvents = YES;
				INFOPLIST_KEY_UILaunchStoryboardName = LaunchScreen;
				INFOPLIST_KEY_UISupportedInterfaceOrientations_iPad = "UIInterfaceOrientationPortrait UIInterfaceOrientationPortraitUpsideDown UIInterfaceOrientationLandscapeLeft UIInterfaceOrientationLandscapeRight";
				INFOPLIST_KEY_UISupportedInterfaceOrientations_iPhone = "UIInterfaceOrientationPortrait UIInterfaceOrientationLandscapeLeft UIInterfaceOrientationLandscapeRight";
				LD_RUNPATH_SEARCH_PATHS = (
					"$(inherited)",
					"@executable_path/Frameworks",
				);
				MARKETING_VERSION = 1.0;
				PRODUCT_BUNDLE_IDENTIFIER = LeeHsss.SubWay;
				PRODUCT_NAME = "$(TARGET_NAME)";
				SWIFT_EMIT_LOC_STRINGS = YES;
				SWIFT_VERSION = 5.0;
				TARGETED_DEVICE_FAMILY = "1,2";
			};
			name = Release;
		};
/* End XCBuildConfiguration section */

/* Begin XCConfigurationList section */
		99968B7B27C528480088797C /* Build configuration list for PBXProject "SubWay" */ = {
			isa = XCConfigurationList;
			buildConfigurations = (
				99968B9227C5284A0088797C /* Debug */,
				99968B9327C5284A0088797C /* Release */,
			);
			defaultConfigurationIsVisible = 0;
			defaultConfigurationName = Release;
		};
		99968B9427C5284A0088797C /* Build configuration list for PBXNativeTarget "SubWay" */ = {
			isa = XCConfigurationList;
			buildConfigurations = (
				99968B9527C5284A0088797C /* Debug */,
				99968B9627C5284A0088797C /* Release */,
			);
			defaultConfigurationIsVisible = 0;
			defaultConfigurationName = Release;
		};
/* End XCConfigurationList section */

/* Begin XCRemoteSwiftPackageReference section */
		99968B9727C528D20088797C /* XCRemoteSwiftPackageReference "SnapKit" */ = {
			isa = XCRemoteSwiftPackageReference;
			repositoryURL = "https://github.com/SnapKit/SnapKit.git";
			requirement = {
				kind = upToNextMajorVersion;
				minimumVersion = 5.0.0;
			};
		};
		99968B9A27C528E80088797C /* XCRemoteSwiftPackageReference "Alamofire" */ = {
			isa = XCRemoteSwiftPackageReference;
			repositoryURL = "https://github.com/Alamofire/Alamofire.git";
			requirement = {
				kind = upToNextMajorVersion;
				minimumVersion = 5.0.0;
			};
		};
/* End XCRemoteSwiftPackageReference section */

/* Begin XCSwiftPackageProductDependency section */
		99968B9827C528D20088797C /* SnapKit */ = {
			isa = XCSwiftPackageProductDependency;
			package = 99968B9727C528D20088797C /* XCRemoteSwiftPackageReference "SnapKit" */;
			productName = SnapKit;
		};
		99968B9B27C528E80088797C /* Alamofire */ = {
			isa = XCSwiftPackageProductDependency;
			package = 99968B9A27C528E80088797C /* XCRemoteSwiftPackageReference "Alamofire" */;
			productName = Alamofire;
		};
/* End XCSwiftPackageProductDependency section */
	};
	rootObject = 99968B7827C528480088797C /* Project object */;
}
